{
    "_readme": [
        "This file locks the dependencies of your project to a known state",
        "Read more about it at https://getcomposer.org/doc/01-basic-usage.md#installing-dependencies",
        "This file is @generated automatically"
    ],
    "content-hash": "3d7aab3971e8f7ff9b16c2b14b790f7b",
    "packages": [
        {
            "name": "cecil/theme-docs",
            "version": "2.41.2",
            "source": {
                "type": "git",
                "url": "https://github.com/Cecilapp/theme-docs.git",
                "reference": "2cc0d89ad5a583524c583fa8a8224aff793f3edb"
            },
            "dist": {
                "type": "zip",
                "url": "https://api.github.com/repos/Cecilapp/theme-docs/zipball/2cc0d89ad5a583524c583fa8a8224aff793f3edb",
                "reference": "2cc0d89ad5a583524c583fa8a8224aff793f3edb",
                "shasum": ""
            },
            "require": {
                "cecil/theme-installer": "^1.0||^2.0"
            },
            "type": "cecil-theme",
            "extra": {
                "name": "docs",
                "branch-alias": {
                    "dev-master": "2.x-dev"
                }
            },
            "notification-url": "https://packagist.org/downloads/",
            "license": [
                "MIT"
            ],
            "description": "Cecil theme Docs",
            "keywords": [
                "cecil",
                "documentation",
                "theme"
            ],
            "support": {
                "issues": "https://github.com/Cecilapp/theme-docs/issues",
                "source": "https://github.com/Cecilapp/theme-docs/tree/2.41.2"
            },
            "funding": [
                {
                    "url": "https://github.com/ArnaudLigny",
                    "type": "github"
                },
                {
                    "url": "https://opencollective.com/cecil",
                    "type": "open_collective"
                }
            ],
            "time": "2025-08-26T23:39:13+00:00"
        },
        {
            "name": "cecil/theme-installer",
            "version": "2.0.0",
            "source": {
                "type": "git",
                "url": "https://github.com/Cecilapp/theme-installer.git",
                "reference": "588ec8523a978229d23e10a0b8e0b6420192c154"
            },
            "dist": {
                "type": "zip",
                "url": "https://api.github.com/repos/Cecilapp/theme-installer/zipball/588ec8523a978229d23e10a0b8e0b6420192c154",
                "reference": "588ec8523a978229d23e10a0b8e0b6420192c154",
                "shasum": ""
            },
            "require": {
                "composer-plugin-api": ">=2.0"
            },
            "require-dev": {
                "composer/composer": ">=2.0"
            },
            "type": "composer-plugin",
            "extra": {
                "class": "Cecil\\Installer\\Composer\\CecilPlugin",
                "branch-alias": {
                    "dev-master": "2.x-dev"
                }
            },
            "autoload": {
                "psr-0": {
                    "Cecil\\Installer\\Composer": "src/"
                }
            },
            "notification-url": "https://packagist.org/downloads/",
            "license": [
                "MIT"
            ],
            "authors": [
                {
                    "name": "Arnaud Ligny",
                    "email": "arnaud@ligny.fr",
                    "homepage": "https://arnaudligny.fr",
                    "role": "Developer"
                }
            ],
            "description": "Installer for Cecil's themes",
            "keywords": [
                "cecil",
                "installer",
                "themes"
            ],
            "support": {
                "issues": "https://github.com/Cecilapp/theme-installer/issues",
                "source": "https://github.com/Cecilapp/theme-installer/tree/2.0.0"
            },
            "funding": [
                {
                    "url": "https://github.com/ArnaudLigny",
                    "type": "github"
                },
                {
                    "url": "https://opencollective.com/cecil",
                    "type": "open_collective"
                }
            ],
            "time": "2024-01-09T14:53:24+00:00"
        },
        {
            "name": "cecil/theme-pwa",
            "version": "2.20.0",
            "source": {
                "type": "git",
                "url": "https://github.com/Cecilapp/theme-pwa.git",
                "reference": "4579664d6525c7eea8f649c01ea17264e10c244f"
            },
            "dist": {
                "type": "zip",
                "url": "https://api.github.com/repos/Cecilapp/theme-pwa/zipball/4579664d6525c7eea8f649c01ea17264e10c244f",
                "reference": "4579664d6525c7eea8f649c01ea17264e10c244f",
                "shasum": ""
            },
            "require": {
                "cecil/theme-installer": "^1.4||^2.0"
            },
            "type": "cecil-theme",
            "extra": {
                "name": "pwa",
                "branch-alias": {
                    "dev-master": "2.x-dev"
                }
            },
            "notification-url": "https://packagist.org/downloads/",
            "license": [
                "MIT"
            ],
            "description": "Cecil component theme PWA",
            "keywords": [
                "cecil",
                "pwa",
                "service worker",
                "theme"
            ],
            "support": {
                "source": "https://github.com/Cecilapp/theme-pwa/tree/2.20.0"
            },
            "funding": [
                {
                    "url": "https://github.com/ArnaudLigny",
                    "type": "github"
                },
                {
                    "url": "https://opencollective.com/cecil",
                    "type": "open_collective"
                }
            ],
            "time": "2025-08-06T15:16:06+00:00"
        }
    ],
    "packages-dev": [],
    "aliases": [],
    "minimum-stability": "stable",
    "stability-flags": {},
    "prefer-stable": false,
    "prefer-lowest": false,
    "platform": {},
    "platform-dev": {},
    "plugin-api-version": "2.6.0"
}
